
Microsoft Visual Studio Solution File, Format Version 12.00
# Visual Studio 2012
Project("{FAE04EC0-301F-11D3-BF4B-00C04F79EFBC}") = "DevUtils.ETWIMBA", "DevUtils.ETWIMBA\DevUtils.ETWIMBA.csproj", "{5FB2BB1A-C129-4F8F-A24A-9E9727171AC3}"
EndProject
Project("{FAE04EC0-301F-11D3-BF4B-00C04F79EFBC}") = "DevUtils.ETWIMBA.Tests", "DevUtils.ETWIMBA.Tests\DevUtils.ETWIMBA.Tests.csproj", "{168DFBD3-0CB1-47CE-B13D-14123187ACAC}"
EndProject
Project("{FAE04EC0-301F-11D3-BF4B-00C04F79EFBC}") = "DevUtils.ETWIMBA.Build", "DevUtils.ETWIMBA.Build\DevUtils.ETWIMBA.Build.csproj", "{4364FB37-3DE3-44FB-8A11-F8231EFF4320}"
EndProject
Project("{FAE04EC0-301F-11D3-BF4B-00C04F79EFBC}") = "DevUtils.ETWIMBA.Sample", "DevUtils.ETWIMBA.Sample\DevUtils.ETWIMBA.Sample.csproj", "{C236438A-A77D-4744-8B2F-0ABD9AA8DA72}"
	ProjectSection(ProjectDependencies) = postProject
		{4364FB37-3DE3-44FB-8A11-F8231EFF4320} = {4364FB37-3DE3-44FB-8A11-F8231EFF4320}
	EndProjectSection
EndProject
Global
	GlobalSection(TeamFoundationVersionControl) = preSolution
		SccNumberOfProjects = 5
		SccEnterpriseProvider = {4CA58AB2-18FA-4F8D-95D4-32DDF27D184C}
		SccTeamFoundationServer = https://devutils.visualstudio.com/defaultcollection
		SccLocalPath0 = .
		SccProjectUniqueName1 = DevUtils.ETWIMBA\\DevUtils.ETWIMBA.csproj
		SccProjectName1 = DevUtils.ETWIMBA
		SccLocalPath1 = DevUtils.ETWIMBA
		SccProjectUniqueName2 = DevUtils.ETWIMBA.Tests\\DevUtils.ETWIMBA.Tests.csproj
		SccProjectName2 = DevUtils.ETWIMBA.Tests
		SccLocalPath2 = DevUtils.ETWIMBA.Tests
		SccProjectUniqueName3 = DevUtils.ETWIMBA.Build\\DevUtils.ETWIMBA.Build.csproj
		SccProjectName3 = DevUtils.ETWIMBA.Build
		SccLocalPath3 = DevUtils.ETWIMBA.Build
		SccProjectUniqueName4 = DevUtils.ETWIMBA.Sample\\DevUtils.ETWIMBA.Sample.csproj
		SccProjectName4 = DevUtils.ETWIMBA.Sample
		SccLocalPath4 = DevUtils.ETWIMBA.Sample
	EndGlobalSection
	GlobalSection(SolutionConfigurationPlatforms) = preSolution
		Debug|Any CPU = Debug|Any CPU
		Release|Any CPU = Release|Any CPU
	EndGlobalSection
	GlobalSection(ProjectConfigurationPlatforms) = postSolution
		{5FB2BB1A-C129-4F8F-A24A-9E9727171AC3}.Debug|Any CPU.ActiveCfg = Debug|Any CPU
		{5FB2BB1A-C129-4F8F-A24A-9E9727171AC3}.Debug|Any CPU.Build.0 = Debug|Any CPU
		{5FB2BB1A-C129-4F8F-A24A-9E9727171AC3}.Release|Any CPU.ActiveCfg = Release|Any CPU
		{5FB2BB1A-C129-4F8F-A24A-9E9727171AC3}.Release|Any CPU.Build.0 = Release|Any CPU
		{168DFBD3-0CB1-47CE-B13D-14123187ACAC}.Debug|Any CPU.ActiveCfg = Debug|Any CPU
		{168DFBD3-0CB1-47CE-B13D-14123187ACAC}.Debug|Any CPU.Build.0 = Debug|Any CPU
		{168DFBD3-0CB1-47CE-B13D-14123187ACAC}.Release|Any CPU.ActiveCfg = Release|Any CPU
		{168DFBD3-0CB1-47CE-B13D-14123187ACAC}.Release|Any CPU.Build.0 = Release|Any CPU
		{4364FB37-3DE3-44FB-8A11-F8231EFF4320}.Debug|Any CPU.ActiveCfg = Debug|Any CPU
		{4364FB37-3DE3-44FB-8A11-F8231EFF4320}.Debug|Any CPU.Build.0 = Debug|Any CPU
		{4364FB37-3DE3-44FB-8A11-F8231EFF4320}.Release|Any CPU.ActiveCfg = Release|Any CPU
		{4364FB37-3DE3-44FB-8A11-F8231EFF4320}.Release|Any CPU.Build.0 = Release|Any CPU
		{C236438A-A77D-4744-8B2F-0ABD9AA8DA72}.Debug|Any CPU.ActiveCfg = Debug|Any CPU
		{C236438A-A77D-4744-8B2F-0ABD9AA8DA72}.Debug|Any CPU.Build.0 = Debug|Any CPU
		{C236438A-A77D-4744-8B2F-0ABD9AA8DA72}.Release|Any CPU.ActiveCfg = Release|Any CPU
		{C236438A-A77D-4744-8B2F-0ABD9AA8DA72}.Release|Any CPU.Build.0 = Release|Any CPU
	EndGlobalSection
	GlobalSection(SolutionProperties) = preSolution
		HideSolutionNode = FALSE
	EndGlobalSection
EndGlobal
